github.com/GillainHsi/Core_1 v0.0.0-20211013065251-02cb931978f1 h1:0U2WBSYLxXwdATUjij0c4sioB5V/v7tmwN97SYU3M2s=
github.com/GillainHsi/Core_1 v0.0.0-20211013065251-02cb931978f1/go.mod h1:4fNpGATxttbbi0Hm0TTrRLbvA9TbNR2C1omYTwRBvQc=
github.com/GillainHsi/Core_2 v0.0.0-20211013065728-72685c5daa5a h1:QF9sf3gU137aXlKdpnqkDd0N5VFa0EPOzm8wRPbd8ak=
github.com/GillainHsi/Core_2 v0.0.0-20211013065728-72685c5daa5a/go.mod h1:uY8Mpgg4/GG9cWYq1+p9mPhcjCRUtdj7k3ZgcaKsCng=
